
Microsoft Visual Studio Solution File, Format Version 12.00
# Visual Studio 15
VisualStudioVersion = 15.0.28307.852
MinimumVisualStudioVersion = 10.0.40219.1
Project("{FAE04EC0-301F-11D3-BF4B-00C04F79EFBC}") = "SumOfX", "SumOfX\SumOfX.csproj", "{DF84915E-9A22-445C-9890-FEC2F1E9561F}"
EndProject
Global
	GlobalSection(SolutionConfigurationPlatforms) = preSolution
		Debug|Any CPU = Debug|Any CPU
		Release|Any CPU = Release|Any CPU
	EndGlobalSection
	GlobalSection(ProjectConfigurationPlatforms) = postSolution
		{DF84915E-9A22-445C-9890-FEC2F1E9561F}.Debug|Any CPU.ActiveCfg = Debug|Any CPU
		{DF84915E-9A22-445C-9890-FEC2F1E9561F}.Debug|Any CPU.Build.0 = Debug|Any CPU
		{DF84915E-9A22-445C-9890-FEC2F1E9561F}.Release|Any CPU.ActiveCfg = Release|Any CPU
		{DF84915E-9A22-445C-9890-FEC2F1E9561F}.Release|Any CPU.Build.0 = Release|Any CPU
	EndGlobalSection
	GlobalSection(SolutionProperties) = preSolution
		HideSolutionNode = FALSE
	EndGlobalSection
	GlobalSection(ExtensibilityGlobals) = postSolution
		SolutionGuid = {0E9303F9-D885-49E6-9F4B-996D866BC577}
	EndGlobalSection
EndGlobal
